{"version":4,"terraform_version":"1.9.1","serial":1,"lineage":"9221c75d-9c6d-e555-1e73-d1fd16ac917a","outputs":{},"resources":[{"mode":"managed","type":"azurerm_resource_group","name":"rg-example","provider":"provider[\"registry.opentofu.org/hashicorp/azurerm\"]","instances":[{"schema_version":0,"attributes":{"id":"/subscriptions/3cdd48da-6171-4483-8b53-f2783c01f2cf/resourceGroups/rg-dev-webapp-eastus","location":"eastus","managed_by":"","name":"rg-dev-webapp-eastus","tags":{"cost_center":"12345","environment":"development","owner":"devops-team","project":"webapp"},"timeouts":null},"sensitive_attributes":[],"private":"eyJlMmJmYjczMC1lY2FhLTExZTYtOGY4OC0zNDM2M2JjN2M0YzAiOnsiY3JlYXRlIjo1NDAwMDAwMDAwMDAwLCJkZWxldGUiOjU0MDAwMDAwMDAwMDAsInJlYWQiOjMwMDAwMDAwMDAwMCwidXBkYXRlIjo1NDAwMDAwMDAwMDAwfX0="}]}],"check_results":null}
